<?xml version="1.0" encoding="utf-8"?>
<Project ToolsVersion="4.0" xmlns="http://schemas.microsoft.com/developer/msbuild/2003">
  <ItemGroup>
    <Filter Include="Scenes">
      <UniqueIdentifier>{b01c600a-d9ff-4a17-bd8f-19802a9aea1d}</UniqueIdentifier>
    </Filter>
    <Filter Include="Prefabs">
      <UniqueIdentifier>{05f153f1-c8cf-49da-b28c-586df7cb8d33}</UniqueIdentifier>
    </Filter>
    <Filter Include="Scenes\Basic">
      <UniqueIdentifier>{e0de9209-3519-491b-8f07-15e13f04cc40}</UniqueIdentifier>
    </Filter>
    <Filter Include="Prefabs\Basic Shapes">
      <UniqueIdentifier>{2642c5ca-d23e-4e6a-be84-e08b198b813e}</UniqueIdentifier>
    </Filter>
    <Filter Include="Prefabs\MeshObjects">
      <UniqueIdentifier>{9cb7350f-1f5a-4fd2-9113-5f98da52504a}</UniqueIdentifier>
    </Filter>
    <Filter Include="Scenes\Meshes">
      <UniqueIdentifier>{03761f2d-9226-44b2-bc52-baf0f71bc34a}</UniqueIdentifier>
    </Filter>
    <Filter Include="Scenes\PhysX">
      <UniqueIdentifier>{cd2b02e1-7f23-43f1-b57c-eec5890aaebd}</UniqueIdentifier>
    </Filter>
    <Filter Include="Engine Files">
      <UniqueIdentifier>{93995380-89BD-4b04-88EB-625FBE52EBFB}</UniqueIdentifier>
      <Extensions>h;hpp;hxx;hm;inl;inc;xsd</Extensions>
    </Filter>
    <Filter Include="Engine Files\SceneGraph">
      <UniqueIdentifier>{3eaa95ed-5c08-4069-88f8-067d04b412fe}</UniqueIdentifier>
    </Filter>
    <Filter Include="Engine Files\Camera">
      <UniqueIdentifier>{4424c32f-560a-44d2-a7ef-37b49f7113b2}</UniqueIdentifier>
    </Filter>
    <Filter Include="Engine Files\Managers">
      <UniqueIdentifier>{0a68b7c1-123e-4524-8757-eaf9dd1c3122}</UniqueIdentifier>
    </Filter>
    <Filter Include="Engine Files\Physx">
      <UniqueIdentifier>{675eb763-3dff-4a83-8493-8359652f750d}</UniqueIdentifier>
    </Filter>
    <Filter Include="Engine Files\Vulkan">
      <UniqueIdentifier>{9d5c9420-41ed-4a6e-89c8-d6edf929b15f}</UniqueIdentifier>
    </Filter>
    <Filter Include="Engine Files\PlatformSpecific">
      <UniqueIdentifier>{04c51de0-c3ed-45fd-86f1-104af39007c7}</UniqueIdentifier>
    </Filter>
    <Filter Include="Engine Files\Loaders">
      <UniqueIdentifier>{56c4cc16-99d9-4d27-b038-8e7df5c721e6}</UniqueIdentifier>
    </Filter>
    <Filter Include="Engine Files\Utilities">
      <UniqueIdentifier>{0a41c065-d96c-47b0-b856-323db508c813}</UniqueIdentifier>
    </Filter>
    <Filter Include="Engine Files\Loaders\Implementations">
      <UniqueIdentifier>{12fe90d2-a26d-455a-9585-b9a42f3284b6}</UniqueIdentifier>
    </Filter>
    <Filter Include="Engine Files\Loaders\Utilities">
      <UniqueIdentifier>{c981362f-1767-483d-8217-b474ec5f8bcd}</UniqueIdentifier>
    </Filter>
    <Filter Include="Engine Files\Vulkan\Base">
      <UniqueIdentifier>{de7bebec-35ae-4af9-b8c4-038f5918d43c}</UniqueIdentifier>
    </Filter>
    <Filter Include="Engine Files\Pipelines">
      <UniqueIdentifier>{85bb5e76-ed07-4b82-81f0-7819b0e8e901}</UniqueIdentifier>
    </Filter>
    <Filter Include="Engine Files\Pipelines\BasicGeometry">
      <UniqueIdentifier>{340a50ae-e495-4191-b726-ad173eeaa54a}</UniqueIdentifier>
    </Filter>
    <Filter Include="Engine Files\Pipelines\TexturedGeometry">
      <UniqueIdentifier>{289f2cfb-2b71-460c-b0d9-0f7864d64f7d}</UniqueIdentifier>
    </Filter>
    <Filter Include="Engine Files\Vulkan\Images">
      <UniqueIdentifier>{6e8fdeca-b89e-40bf-9510-0fd13c94b146}</UniqueIdentifier>
    </Filter>
    <Filter Include="Engine Files\SceneGraph\Components">
      <UniqueIdentifier>{5d918bd5-16c8-440b-8277-92225238a1fa}</UniqueIdentifier>
    </Filter>
    <Filter Include="Engine Files\SceneGraph\Components\Transform">
      <UniqueIdentifier>{96363d48-7672-43cb-822c-daa71ac4fe3b}</UniqueIdentifier>
    </Filter>
  </ItemGroup>
  <ItemGroup>
    <ClInclude Include="GameObject.h">
      <Filter>Engine Files\SceneGraph</Filter>
    </ClInclude>
    <ClInclude Include="GameScene.h">
      <Filter>Engine Files\SceneGraph</Filter>
    </ClInclude>
    <ClInclude Include="GameTimer.h">
      <Filter>Engine Files\Utilities</Filter>
    </ClInclude>
    <ClInclude Include="stdafx.h">
      <Filter>Engine Files\Utilities</Filter>
    </ClInclude>
    <ClInclude Include="ContentManager.h">
      <Filter>Engine Files\Managers</Filter>
    </ClInclude>
    <ClInclude Include="Singleton.h">
      <Filter>Engine Files\Utilities</Filter>
    </ClInclude>
    <ClInclude Include="SceneManager.h">
      <Filter>Engine Files\Managers</Filter>
    </ClInclude>
    <ClInclude Include="PhysxAllocator.h">
      <Filter>Engine Files\Physx</Filter>
    </ClInclude>
    <ClInclude Include="PhysxErrorCallback.h">
      <Filter>Engine Files\Physx</Filter>
    </ClInclude>
    <ClInclude Include="PhysxManager.h">
      <Filter>Engine Files\Managers</Filter>
    </ClInclude>
    <ClInclude Include="GameBase.h">
      <Filter>Engine Files\SceneGraph</Filter>
    </ClInclude>
    <ClInclude Include="MainGame.h" />
    <ClInclude Include="BoxDemoScene.h">
      <Filter>Scenes\Basic</Filter>
    </ClInclude>
    <ClInclude Include="VulkanContext.h">
      <Filter>Engine Files\Vulkan</Filter>
    </ClInclude>
    <ClInclude Include="GameSettings.h">
      <Filter>Engine Files\Managers</Filter>
    </ClInclude>
    <ClInclude Include="VulkanDrawer.h">
      <Filter>Engine Files\Vulkan</Filter>
    </ClInclude>
    <ClInclude Include="VkPipeline_Ext.h">
      <Filter>Engine Files\Pipelines</Filter>
    </ClInclude>
    <ClInclude Include="Colors.h">
      <Filter>Engine Files\Utilities</Filter>
    </ClInclude>
    <ClInclude Include="BaseCamera.h">
      <Filter>Engine Files\Camera</Filter>
    </ClInclude>
    <ClInclude Include="ManualCamera.h">
      <Filter>Engine Files\Camera</Filter>
    </ClInclude>
    <ClInclude Include="FileUtils.h">
      <Filter>Engine Files\Utilities</Filter>
    </ClInclude>
    <ClInclude Include="VulkanUtils.h">
      <Filter>Engine Files\Utilities</Filter>
    </ClInclude>
    <ClInclude Include="stb_image.h">
      <Filter>Engine Files\Utilities</Filter>
    </ClInclude>
    <ClInclude Include="BouncingBallScene.h">
      <Filter>Scenes\PhysX</Filter>
    </ClInclude>
    <ClInclude Include="InputTestScene.h">
      <Filter>Scenes\PhysX</Filter>
    </ClInclude>
    <ClInclude Include="PhysXMeshTestScene_2.h">
      <Filter>Scenes\PhysX</Filter>
    </ClInclude>
    <ClInclude Include="TexturedMeshScene.h">
      <Filter>Scenes\Meshes</Filter>
    </ClInclude>
    <ClInclude Include="BallPoolScene.h">
      <Filter>Scenes\PhysX</Filter>
    </ClInclude>
    <ClInclude Include="HandleUtilities.h">
      <Filter>Engine Files\Utilities</Filter>
    </ClInclude>
    <ClInclude Include="VkDebugPipeline_Ext.h">
      <Filter>Engine Files\Pipelines\BasicGeometry</Filter>
    </ClInclude>
    <ClInclude Include="VkTexPipeline_Ext.h">
      <Filter>Engine Files\Pipelines\TexturedGeometry</Filter>
    </ClInclude>
    <ClInclude Include="VkPosNormTex2SPipeline_Ext.h">
      <Filter>Engine Files\Pipelines\TexturedGeometry</Filter>
    </ClInclude>
    <ClInclude Include="VkPosNormTexPipeline_Ext.h">
      <Filter>Engine Files\Pipelines\TexturedGeometry</Filter>
    </ClInclude>
    <ClInclude Include="VkPosColTexPipeline_Ext.h">
      <Filter>Engine Files\Pipelines\TexturedGeometry</Filter>
    </ClInclude>
    <ClInclude Include="VkBasicGeometryPipeline_Ext.h">
      <Filter>Engine Files\Pipelines\BasicGeometry</Filter>
    </ClInclude>
    <ClInclude Include="PipelineManager.h">
      <Filter>Engine Files\Managers</Filter>
    </ClInclude>
    <ClInclude Include="MeshDataLoader.h">
      <Filter>Engine Files\Loaders\Implementations</Filter>
    </ClInclude>
    <ClInclude Include="PxConvexMeshLoader.h">
      <Filter>Engine Files\Loaders\Implementations</Filter>
    </ClInclude>
    <ClInclude Include="PxTriangleMeshLoader.h">
      <Filter>Engine Files\Loaders\Implementations</Filter>
    </ClInclude>
    <ClInclude Include="VkShaderModuleLoader.h">
      <Filter>Engine Files\Loaders\Implementations</Filter>
    </ClInclude>
    <ClInclude Include="VkTextureLoader.h">
      <Filter>Engine Files\Loaders\Implementations</Filter>
    </ClInclude>
    <ClInclude Include="LowMemoryContentLoader.h">
      <Filter>Engine Files\Loaders</Filter>
    </ClInclude>
    <ClInclude Include="BaseLoader.h">
      <Filter>Engine Files\Loaders</Filter>
    </ClInclude>
    <ClInclude Include="ContentLoader.h">
      <Filter>Engine Files\Loaders</Filter>
    </ClInclude>
    <ClInclude Include="HoldingContentLoader.h">
      <Filter>Engine Files\Loaders</Filter>
    </ClInclude>
    <ClInclude Include="BinaryReader.h">
      <Filter>Engine Files\Loaders\Utilities</Filter>
    </ClInclude>
    <ClInclude Include="CustomSimulationFilterShader.h">
      <Filter>Engine Files\Physx</Filter>
    </ClInclude>
    <ClInclude Include="Debug.h">
      <Filter>Engine Files\Managers</Filter>
    </ClInclude>
    <ClInclude Include="MeshData.h">
      <Filter>Engine Files\Loaders\Utilities</Filter>
    </ClInclude>
    <ClInclude Include="PhysxHelpers.h">
      <Filter>Engine Files\Physx</Filter>
    </ClInclude>
    <ClInclude Include="VulkanDebugRenderer.h">
      <Filter>Engine Files\Vulkan</Filter>
    </ClInclude>
    <ClInclude Include="VertexStructs.h">
      <Filter>Engine Files\Loaders\Utilities</Filter>
    </ClInclude>
    <ClInclude Include="Surface.h">
      <Filter>Engine Files\Vulkan\Base</Filter>
    </ClInclude>
    <ClInclude Include="VkDevice_Ext.h">
      <Filter>Engine Files\Vulkan\Base</Filter>
    </ClInclude>
    <ClInclude Include="VkInstance_Ext.h">
      <Filter>Engine Files\Vulkan\Base</Filter>
    </ClInclude>
    <ClInclude Include="VkPhysicalDevice_Ext.h">
      <Filter>Engine Files\Vulkan\Base</Filter>
    </ClInclude>
    <ClInclude Include="VkSwapchainKHR_Ext.h">
      <Filter>Engine Files\Vulkan\Base</Filter>
    </ClInclude>
    <ClInclude Include="DeriveableHandle.h">
      <Filter>Engine Files\Utilities</Filter>
    </ClInclude>
    <ClInclude Include="VkBasicSampler_Ext.h">
      <Filter>Engine Files\Vulkan\Images</Filter>
    </ClInclude>
    <ClInclude Include="VkDepthImage_Ext.h">
      <Filter>Engine Files\Vulkan\Images</Filter>
    </ClInclude>
    <ClInclude Include="VkImage_Ext.h">
      <Filter>Engine Files\Vulkan\Images</Filter>
    </ClInclude>
    <ClInclude Include="VkImageView_Ext.h">
      <Filter>Engine Files\Vulkan\Images</Filter>
    </ClInclude>
    <ClInclude Include="VkTextureImage_Ext.h">
      <Filter>Engine Files\Vulkan\Images</Filter>
    </ClInclude>
    <ClInclude Include="Cube.h">
      <Filter>Prefabs\Basic Shapes</Filter>
    </ClInclude>
    <ClInclude Include="GeometryObjectTex.h">
      <Filter>Prefabs\MeshObjects</Filter>
    </ClInclude>
    <ClInclude Include="AGameObject.h">
      <Filter>Engine Files\SceneGraph</Filter>
    </ClInclude>
    <ClInclude Include="ComponentTypeIndexGenerator.h">
      <Filter>Engine Files\SceneGraph</Filter>
    </ClInclude>
    <ClInclude Include="World.h">
      <Filter>Engine Files\SceneGraph</Filter>
    </ClInclude>
    <ClInclude Include="ComponentData.h">
      <Filter>Engine Files\SceneGraph\Components</Filter>
    </ClInclude>
    <ClInclude Include="TransformFlags.h">
      <Filter>Engine Files\SceneGraph\Components\Transform</Filter>
    </ClInclude>
    <ClInclude Include="Transform.h">
      <Filter>Engine Files\SceneGraph\Components\Transform</Filter>
    </ClInclude>
    <ClInclude Include="TransformSystem.h">
      <Filter>Engine Files\SceneGraph\Components\Transform</Filter>
    </ClInclude>
    <ClInclude Include="TransformData.h">
      <Filter>Engine Files\SceneGraph\Components\Transform</Filter>
    </ClInclude>
    <ClInclude Include="Component.h">
      <Filter>Engine Files\SceneGraph\Components</Filter>
    </ClInclude>
    <ClInclude Include="WorldDataManager.h">
      <Filter>Engine Files\Managers</Filter>
    </ClInclude>
    <ClInclude Include="WorldDataManagerSpecialization.h">
      <Filter>Engine Files\Managers</Filter>
    </ClInclude>
  </ItemGroup>
  <ItemGroup>
    <ClCompile Include="GameObject.cpp">
      <Filter>Engine Files\SceneGraph</Filter>
    </ClCompile>
    <ClCompile Include="GameScene.cpp">
      <Filter>Engine Files\SceneGraph</Filter>
    </ClCompile>
    <ClCompile Include="GameTimer.cpp">
      <Filter>Engine Files\Utilities</Filter>
    </ClCompile>
    <ClCompile Include="SceneManager.cpp">
      <Filter>Engine Files\Managers</Filter>
    </ClCompile>
    <ClCompile Include="PhysxErrorCallback.cpp">
      <Filter>Engine Files\Physx</Filter>
    </ClCompile>
    <ClCompile Include="PhysxManager.cpp">
      <Filter>Engine Files\Managers</Filter>
    </ClCompile>
    <ClCompile Include="GameBase.cpp">
      <Filter>Engine Files\SceneGraph</Filter>
    </ClCompile>
    <ClCompile Include="main.cpp" />
    <ClCompile Include="MainGame.cpp" />
    <ClCompile Include="BoxDemoScene.cpp">
      <Filter>Scenes\Basic</Filter>
    </ClCompile>
    <ClCompile Include="GameSettings.cpp">
      <Filter>Engine Files\Managers</Filter>
    </ClCompile>
    <ClCompile Include="VulkanDrawer.cpp">
      <Filter>Engine Files\Vulkan</Filter>
    </ClCompile>
    <ClCompile Include="VkPipeline_Ext.cpp">
      <Filter>Engine Files\Pipelines</Filter>
    </ClCompile>
    <ClCompile Include="ContentManager.cpp">
      <Filter>Engine Files\Managers</Filter>
    </ClCompile>
    <ClCompile Include="BaseCamera.cpp">
      <Filter>Engine Files\Camera</Filter>
    </ClCompile>
    <ClCompile Include="ManualCamera.cpp">
      <Filter>Engine Files\Camera</Filter>
    </ClCompile>
    <ClCompile Include="FileUtils.cpp">
      <Filter>Engine Files\Utilities</Filter>
    </ClCompile>
    <ClCompile Include="VulkanUtils.cpp">
      <Filter>Engine Files\Utilities</Filter>
    </ClCompile>
    <ClCompile Include="BouncingBallScene.cpp">
      <Filter>Scenes\PhysX</Filter>
    </ClCompile>
    <ClCompile Include="InputTestScene.cpp">
      <Filter>Scenes\PhysX</Filter>
    </ClCompile>
    <ClCompile Include="PhysXMeshTestScene_2.cpp">
      <Filter>Scenes\PhysX</Filter>
    </ClCompile>
    <ClCompile Include="TexturedMeshScene.cpp">
      <Filter>Scenes\Meshes</Filter>
    </ClCompile>
    <ClCompile Include="BallPoolScene.cpp">
      <Filter>Scenes\PhysX</Filter>
    </ClCompile>
    <ClCompile Include="stdafx.cpp">
      <Filter>Engine Files\Utilities</Filter>
    </ClCompile>
    <ClCompile Include="VkDebugPipeline_Ext.cpp">
      <Filter>Engine Files\Pipelines\BasicGeometry</Filter>
    </ClCompile>
    <ClCompile Include="VkPosNormTex2SPipeline_Ext.cpp">
      <Filter>Engine Files\Pipelines\TexturedGeometry</Filter>
    </ClCompile>
    <ClCompile Include="VkPosNormTexPipeline_Ext.cpp">
      <Filter>Engine Files\Pipelines\TexturedGeometry</Filter>
    </ClCompile>
    <ClCompile Include="VkTexPipeline_Ext.cpp">
      <Filter>Engine Files\Pipelines\TexturedGeometry</Filter>
    </ClCompile>
    <ClCompile Include="VkPosColTexPipeline_Ext.cpp">
      <Filter>Engine Files\Pipelines\TexturedGeometry</Filter>
    </ClCompile>
    <ClCompile Include="VkBasicGeometryPipeline_Ext.cpp">
      <Filter>Engine Files\Pipelines\BasicGeometry</Filter>
    </ClCompile>
    <ClCompile Include="PipelineManager.cpp">
      <Filter>Engine Files\Managers</Filter>
    </ClCompile>
    <ClCompile Include="MeshDataLoader.cpp">
      <Filter>Engine Files\Loaders\Implementations</Filter>
    </ClCompile>
    <ClCompile Include="PxConvexMeshLoader.cpp">
      <Filter>Engine Files\Loaders\Implementations</Filter>
    </ClCompile>
    <ClCompile Include="PxTriangleMeshLoader.cpp">
      <Filter>Engine Files\Loaders\Implementations</Filter>
    </ClCompile>
    <ClCompile Include="VkShaderModuleLoader.cpp">
      <Filter>Engine Files\Loaders\Implementations</Filter>
    </ClCompile>
    <ClCompile Include="VkTextureLoader.cpp">
      <Filter>Engine Files\Loaders\Implementations</Filter>
    </ClCompile>
    <ClCompile Include="GeometryObject.h">
      <Filter>Prefabs\MeshObjects</Filter>
    </ClCompile>
    <ClCompile Include="BinaryReader.cpp">
      <Filter>Engine Files\Loaders\Utilities</Filter>
    </ClCompile>
    <ClCompile Include="Debug.cpp">
      <Filter>Engine Files\Managers</Filter>
    </ClCompile>
    <ClCompile Include="MeshData.cpp">
      <Filter>Engine Files\Loaders\Utilities</Filter>
    </ClCompile>
    <ClCompile Include="VulkanDebugRenderer.cpp">
      <Filter>Engine Files\Vulkan</Filter>
    </ClCompile>
    <ClCompile Include="VertexStructs.cpp">
      <Filter>Engine Files\Loaders\Utilities</Filter>
    </ClCompile>
    <ClCompile Include="Surface.cpp">
      <Filter>Engine Files\Vulkan\Base</Filter>
    </ClCompile>
    <ClCompile Include="VkDevice_Ext.cpp">
      <Filter>Engine Files\Vulkan\Base</Filter>
    </ClCompile>
    <ClCompile Include="VkInstance_Ext.cpp">
      <Filter>Engine Files\Vulkan\Base</Filter>
    </ClCompile>
    <ClCompile Include="VkPhysicalDevice_Ext.cpp">
      <Filter>Engine Files\Vulkan\Base</Filter>
    </ClCompile>
    <ClCompile Include="VkSwapchainKHR_Ext.cpp">
      <Filter>Engine Files\Vulkan\Base</Filter>
    </ClCompile>
    <ClCompile Include="VkBasicSampler_Ext.cpp">
      <Filter>Engine Files\Vulkan\Images</Filter>
    </ClCompile>
    <ClCompile Include="VkDepthImage_Ext.cpp">
      <Filter>Engine Files\Vulkan\Images</Filter>
    </ClCompile>
    <ClCompile Include="VkImage_Ext.cpp">
      <Filter>Engine Files\Vulkan\Images</Filter>
    </ClCompile>
    <ClCompile Include="VkImageView_Ext.cpp">
      <Filter>Engine Files\Vulkan\Images</Filter>
    </ClCompile>
    <ClCompile Include="VkTextureImage_Ext.cpp">
      <Filter>Engine Files\Vulkan\Images</Filter>
    </ClCompile>
    <ClCompile Include="AGameObject.cpp">
      <Filter>Engine Files\SceneGraph</Filter>
    </ClCompile>
    <ClCompile Include="ComponentTypeIndexGenerator.cpp">
      <Filter>Engine Files\SceneGraph</Filter>
    </ClCompile>
    <ClCompile Include="World.cpp">
      <Filter>Engine Files\SceneGraph</Filter>
    </ClCompile>
    <ClCompile Include="Transform.cpp">
      <Filter>Engine Files\SceneGraph\Components\Transform</Filter>
    </ClCompile>
    <ClCompile Include="TransformFlags.cpp">
      <Filter>Engine Files\SceneGraph\Components\Transform</Filter>
    </ClCompile>
    <ClCompile Include="TransformSystem.cpp">
      <Filter>Engine Files\SceneGraph\Components\Transform</Filter>
    </ClCompile>
  </ItemGroup>
</Project>